{
  "lockfile_version": "1",
  "packages": {
    "bat@0.24.0": {
      "last_modified": "2024-07-31T08:48:38Z",
      "resolved": "github:NixOS/nixpkgs/c3392ad349a5227f4a3464dce87bcc5046692fce#bat",
      "source": "devbox-search",
      "version": "0.24.0",
      "systems": {
        "aarch64-darwin": {
          "outputs": [
            {
              "name": "out",
              "path": "/nix/store/467iv3m3974grx21dqqyml07fk8ii3x2-bat-0.24.0",
              "default": true
            }
          ],
          "store_path": "/nix/store/467iv3m3974grx21dqqyml07fk8ii3x2-bat-0.24.0"
        },
        "aarch64-linux": {
          "outputs": [
            {
              "name": "out",
              "path": "/nix/store/qndfzrvkib6kf8ljxd3r31nz20vwr1p6-bat-0.24.0",
              "default": true
            }
          ],
          "store_path": "/nix/store/qndfzrvkib6kf8ljxd3r31nz20vwr1p6-bat-0.24.0"
        },
        "x86_64-darwin": {
          "outputs": [
            {
              "name": "out",
              "path": "/nix/store/nz5ljy5vfgkkqvkc8llrnpkv7gs2rs6k-bat-0.24.0",
              "default": true
            }
          ],
          "store_path": "/nix/store/nz5ljy5vfgkkqvkc8llrnpkv7gs2rs6k-bat-0.24.0"
        },
        "x86_64-linux": {
          "outputs": [
            {
              "name": "out",
              "path": "/nix/store/ycqs5gzg0x02vh62rsr0n205bnd61c36-bat-0.24.0",
              "default": true
            }
          ],
          "store_path": "/nix/store/ycqs5gzg0x02vh62rsr0n205bnd61c36-bat-0.24.0"
        }
      }
    },
    "eza@0.18.24": {
      "last_modified": "2024-08-04T00:20:25Z",
      "resolved": "github:NixOS/nixpkgs/f3834de3782b82bfc666abf664f946d0e7d1f116#eza",
      "source": "devbox-search",
      "version": "0.18.24",
      "systems": {
        "aarch64-darwin": {
          "outputs": [
            {
              "name": "out",
              "path": "/nix/store/6pcrcwz81ni29hyf8vwi5d73hsa5gzha-eza-0.18.24",
              "default": true
            },
            {
              "name": "man",
              "path": "/nix/store/qyz8y5k9vxzgj716gzz014v41scra7wb-eza-0.18.24-man",
              "default": true
            }
          ],
          "store_path": "/nix/store/6pcrcwz81ni29hyf8vwi5d73hsa5gzha-eza-0.18.24"
        },
        "aarch64-linux": {
          "outputs": [
            {
              "name": "out",
              "path": "/nix/store/j21wfv0i10nwmh9f7f3h3n0i4z0mb3ia-eza-0.18.24",
              "default": true
            },
            {
              "name": "man",
              "path": "/nix/store/2mfnz38mr04ix5yzjzjvznw5yv2jxj5m-eza-0.18.24-man",
              "default": true
            }
          ],
          "store_path": "/nix/store/j21wfv0i10nwmh9f7f3h3n0i4z0mb3ia-eza-0.18.24"
        },
        "x86_64-darwin": {
          "outputs": [
            {
              "name": "out",
              "path": "/nix/store/4ypy8ry0mjv73wdj5ychms9fj657ycw4-eza-0.18.24",
              "default": true
            },
            {
              "name": "man",
              "path": "/nix/store/gafsbpz7xclk1skpwb9zd7n5l1lccyc5-eza-0.18.24-man",
              "default": true
            }
          ],
          "store_path": "/nix/store/4ypy8ry0mjv73wdj5ychms9fj657ycw4-eza-0.18.24"
        },
        "x86_64-linux": {
          "outputs": [
            {
              "name": "out",
              "path": "/nix/store/wxjf4iapbq9jc3xd7rrm29px91p2ln52-eza-0.18.24",
              "default": true
            },
            {
              "name": "man",
              "path": "/nix/store/1shdg4q01k0msfba6cjykyps9yb8g7xq-eza-0.18.24-man",
              "default": true
            }
          ],
          "store_path": "/nix/store/wxjf4iapbq9jc3xd7rrm29px91p2ln52-eza-0.18.24"
        }
      }
    },
    "fzf@0.54.3": {
      "last_modified": "2024-08-01T02:09:53Z",
      "resolved": "github:NixOS/nixpkgs/799bc8d7b16e6779f0105713e6794899133c4a38#fzf",
      "source": "devbox-search",
      "version": "0.54.3",
      "systems": {
        "aarch64-darwin": {
          "outputs": [
            {
              "name": "out",
              "path": "/nix/store/7rxz1c43rviwm54z8rznhz6p536cixx3-fzf-0.54.3",
              "default": true
            },
            {
              "name": "man",
              "path": "/nix/store/zg596z7m6bgl466kvdyljkh3cds4lnfk-fzf-0.54.3-man",
              "default": true
            }
          ],
          "store_path": "/nix/store/7rxz1c43rviwm54z8rznhz6p536cixx3-fzf-0.54.3"
        },
        "aarch64-linux": {
          "outputs": [
            {
              "name": "out",
              "path": "/nix/store/dpw5xskcspzwbirh2qn6gcp3r8jhbmd7-fzf-0.54.3",
              "default": true
            },
            {
              "name": "man",
              "path": "/nix/store/0j6blwbkiljgiiyb91nnj34bz27cipsi-fzf-0.54.3-man",
              "default": true
            }
          ],
          "store_path": "/nix/store/dpw5xskcspzwbirh2qn6gcp3r8jhbmd7-fzf-0.54.3"
        },
        "x86_64-darwin": {
          "outputs": [
            {
              "name": "out",
              "path": "/nix/store/sahjwabzhhd5a2qyx6ipf9hnf267p26x-fzf-0.54.3",
              "default": true
            },
            {
              "name": "man",
              "path": "/nix/store/n2mpzy6qrq8nr41qrxq5q3vkplsxix07-fzf-0.54.3-man",
              "default": true
            }
          ],
          "store_path": "/nix/store/sahjwabzhhd5a2qyx6ipf9hnf267p26x-fzf-0.54.3"
        },
        "x86_64-linux": {
          "outputs": [
            {
              "name": "out",
              "path": "/nix/store/wci1c3cqh2r74w6cwlr4m6g1db4awibg-fzf-0.54.3",
              "default": true
            },
            {
              "name": "man",
              "path": "/nix/store/jialyy3h9ziyp8gm86pwb9k8ji0a0207-fzf-0.54.3-man",
              "default": true
            }
          ],
          "store_path": "/nix/store/wci1c3cqh2r74w6cwlr4m6g1db4awibg-fzf-0.54.3"
        }
      }
    },
    "go@1.22.5": {
      "last_modified": "2024-07-20T09:11:00Z",
      "resolved": "github:NixOS/nixpkgs/6e14bbce7bea6c4efd7adfa88a40dac750d80100#go",
      "source": "devbox-search",
      "version": "1.22.5",
      "systems": {
        "aarch64-darwin": {
          "outputs": [
            {
              "name": "out",
              "path": "/nix/store/05saqcgidraqmn4z82prsp7rbj9hjmwm-go-1.22.5",
              "default": true
            }
          ],
          "store_path": "/nix/store/05saqcgidraqmn4z82prsp7rbj9hjmwm-go-1.22.5"
        },
        "aarch64-linux": {
          "outputs": [
            {
              "name": "out",
              "path": "/nix/store/b97bbxn6kpysysxb8nxn4k39ffxmp4p6-go-1.22.5",
              "default": true
            }
          ],
          "store_path": "/nix/store/b97bbxn6kpysysxb8nxn4k39ffxmp4p6-go-1.22.5"
        },
        "x86_64-darwin": {
          "outputs": [
            {
              "name": "out",
              "path": "/nix/store/gdyii59c48s4a8q6w584ccgm95qls3lh-go-1.22.5",
              "default": true
            }
          ],
          "store_path": "/nix/store/gdyii59c48s4a8q6w584ccgm95qls3lh-go-1.22.5"
        },
        "x86_64-linux": {
          "outputs": [
            {
              "name": "out",
              "path": "/nix/store/3v17dij8rvg7q99009swxg52995r7s22-go-1.22.5",
              "default": true
            }
          ],
          "store_path": "/nix/store/3v17dij8rvg7q99009swxg52995r7s22-go-1.22.5"
        }
      }
    },
    "python@3.12.4": {
      "last_modified": "2024-07-07T07:43:47Z",
      "plugin_version": "0.0.3",
      "resolved": "github:NixOS/nixpkgs/b60793b86201040d9dee019a05089a9150d08b5b#python3",
      "source": "devbox-search",
      "version": "3.12.4",
      "systems": {
        "aarch64-darwin": {
          "outputs": [
            {
              "name": "out",
              "path": "/nix/store/3swy1vadi125g0c1vxqp8ykdr749803j-python3-3.12.4",
              "default": true
            }
          ],
          "store_path": "/nix/store/3swy1vadi125g0c1vxqp8ykdr749803j-python3-3.12.4"
        },
        "aarch64-linux": {
          "outputs": [
            {
              "name": "out",
              "path": "/nix/store/sz2facg15yq3ziqkidb1dkkglwzkkg8a-python3-3.12.4",
              "default": true
            },
            {
              "name": "debug",
              "path": "/nix/store/19vjjqg7jbfblqapf63nm9ich1xdq9dx-python3-3.12.4-debug"
            }
          ],
          "store_path": "/nix/store/sz2facg15yq3ziqkidb1dkkglwzkkg8a-python3-3.12.4"
        },
        "x86_64-darwin": {
          "outputs": [
            {
              "name": "out",
              "path": "/nix/store/dh1i1387ibdzw0ala5rkl3s3ylf8i8pa-python3-3.12.4",
              "default": true
            }
          ],
          "store_path": "/nix/store/dh1i1387ibdzw0ala5rkl3s3ylf8i8pa-python3-3.12.4"
        },
        "x86_64-linux": {
          "outputs": [
            {
              "name": "out",
              "path": "/nix/store/z7xxy35k7620hs6fn6la5fg2lgklv72l-python3-3.12.4",
              "default": true
            },
            {
              "name": "debug",
              "path": "/nix/store/3x6jqv5yw212v8rlwql88cn94dginq32-python3-3.12.4-debug"
            }
          ],
          "store_path": "/nix/store/z7xxy35k7620hs6fn6la5fg2lgklv72l-python3-3.12.4"
        }
      }
    },
    "starship@1.20.1": {
      "last_modified": "2024-07-28T04:39:20Z",
      "resolved": "github:NixOS/nixpkgs/038fb464fcfa79b4f08131b07f2d8c9a6bcc4160#starship",
      "source": "devbox-search",
      "version": "1.20.1",
      "systems": {
        "aarch64-darwin": {
          "outputs": [
            {
              "name": "out",
              "path": "/nix/store/r66w7dbl1h16a6l2xrydsxkf3hhc8dm4-starship-1.20.1",
              "default": true
            }
          ],
          "store_path": "/nix/store/r66w7dbl1h16a6l2xrydsxkf3hhc8dm4-starship-1.20.1"
        },
        "aarch64-linux": {
          "outputs": [
            {
              "name": "out",
              "path": "/nix/store/1snh6052qwwpgg6hlrmzij3a0spimvjk-starship-1.20.1",
              "default": true
            }
          ],
          "store_path": "/nix/store/1snh6052qwwpgg6hlrmzij3a0spimvjk-starship-1.20.1"
        },
        "x86_64-darwin": {
          "outputs": [
            {
              "name": "out",
              "path": "/nix/store/gd8qva7xcy2nkzgmll64mxv9y0gy56wn-starship-1.20.1",
              "default": true
            }
          ],
          "store_path": "/nix/store/gd8qva7xcy2nkzgmll64mxv9y0gy56wn-starship-1.20.1"
        },
        "x86_64-linux": {
          "outputs": [
            {
              "name": "out",
              "path": "/nix/store/46l65nshjrrvpdpggnb5d7d3blxyjsz8-starship-1.20.1",
              "default": true
            }
          ],
          "store_path": "/nix/store/46l65nshjrrvpdpggnb5d7d3blxyjsz8-starship-1.20.1"
        }
      }
    },
    "stow@2.4.0": {
      "last_modified": "2024-07-07T07:43:47Z",
      "resolved": "github:NixOS/nixpkgs/b60793b86201040d9dee019a05089a9150d08b5b#stow",
      "source": "devbox-search",
      "version": "2.4.0",
      "systems": {
        "aarch64-darwin": {
          "outputs": [
            {
              "name": "out",
              "path": "/nix/store/4x3qrs4ap503j9flf8gci2m0bz2algb3-stow-2.4.0",
              "default": true
            }
          ],
          "store_path": "/nix/store/4x3qrs4ap503j9flf8gci2m0bz2algb3-stow-2.4.0"
        },
        "aarch64-linux": {
          "outputs": [
            {
              "name": "out",
              "path": "/nix/store/phr952xdx384hpbgi23rpz2wm610wggg-stow-2.4.0",
              "default": true
            }
          ],
          "store_path": "/nix/store/phr952xdx384hpbgi23rpz2wm610wggg-stow-2.4.0"
        },
        "x86_64-darwin": {
          "outputs": [
            {
              "name": "out",
              "path": "/nix/store/4awd3xzrml3xalxzalx46ldfm2wni8bn-stow-2.4.0",
              "default": true
            }
          ],
          "store_path": "/nix/store/4awd3xzrml3xalxzalx46ldfm2wni8bn-stow-2.4.0"
        },
        "x86_64-linux": {
          "outputs": [
            {
              "name": "out",
              "path": "/nix/store/r4vsnj2ncnv12q7mjzllirvxviy0h4i5-stow-2.4.0",
              "default": true
            }
          ],
          "store_path": "/nix/store/r4vsnj2ncnv12q7mjzllirvxviy0h4i5-stow-2.4.0"
        }
      }
    },
    "yq@3.4.3": {
      "last_modified": "2024-07-31T08:48:38Z",
      "resolved": "github:NixOS/nixpkgs/c3392ad349a5227f4a3464dce87bcc5046692fce#yq",
      "source": "devbox-search",
      "version": "3.4.3",
      "systems": {
        "aarch64-darwin": {
          "outputs": [
            {
              "name": "out",
              "path": "/nix/store/va8g3x5sygrc287rm362zf2hqdazanna-python3.12-yq-3.4.3",
              "default": true
            },
            {
              "name": "dist",
              "path": "/nix/store/ksfnjsv2m3hkg1kfzb3vpzw90dyfn84i-python3.12-yq-3.4.3-dist"
            }
          ],
          "store_path": "/nix/store/va8g3x5sygrc287rm362zf2hqdazanna-python3.12-yq-3.4.3"
        },
        "aarch64-linux": {
          "outputs": [
            {
              "name": "out",
              "path": "/nix/store/7z9xgir9jczqx8s79vdlwqb0d410hjy4-python3.12-yq-3.4.3",
              "default": true
            },
            {
              "name": "dist",
              "path": "/nix/store/9dy53za3vb5k76h623r7yaaapf8h43kb-python3.12-yq-3.4.3-dist"
            }
          ],
          "store_path": "/nix/store/7z9xgir9jczqx8s79vdlwqb0d410hjy4-python3.12-yq-3.4.3"
        },
        "x86_64-darwin": {
          "outputs": [
            {
              "name": "out",
              "path": "/nix/store/zx39lrg1dfrpvyc85h76l4vvrvkd854c-python3.12-yq-3.4.3",
              "default": true
            },
            {
              "name": "dist",
              "path": "/nix/store/n8klbx0dj7bz5fwwagkrc7ffdqrn53gg-python3.12-yq-3.4.3-dist"
            }
          ],
          "store_path": "/nix/store/zx39lrg1dfrpvyc85h76l4vvrvkd854c-python3.12-yq-3.4.3"
        },
        "x86_64-linux": {
          "outputs": [
            {
              "name": "out",
              "path": "/nix/store/xzdk5pp6n8jxaskwr9qcxnrw4gjj0a46-python3.12-yq-3.4.3",
              "default": true
            },
            {
              "name": "dist",
              "path": "/nix/store/d0m8mssa67azmx167bvqvn8myln7ygcg-python3.12-yq-3.4.3-dist"
            }
          ],
          "store_path": "/nix/store/xzdk5pp6n8jxaskwr9qcxnrw4gjj0a46-python3.12-yq-3.4.3"
        }
      }
    },
    "zoxide@0.9.4": {
      "last_modified": "2024-08-01T02:09:53Z",
      "resolved": "github:NixOS/nixpkgs/799bc8d7b16e6779f0105713e6794899133c4a38#zoxide",
      "source": "devbox-search",
      "version": "0.9.4",
      "systems": {
        "aarch64-darwin": {
          "outputs": [
            {
              "name": "out",
              "path": "/nix/store/186jfvbabrvrq90i24chm7l7rw8747fd-zoxide-0.9.4",
              "default": true
            }
          ],
          "store_path": "/nix/store/186jfvbabrvrq90i24chm7l7rw8747fd-zoxide-0.9.4"
        },
        "aarch64-linux": {
          "outputs": [
            {
              "name": "out",
              "path": "/nix/store/5yfs53406cpwrv4qpmh0rgpb2h0wvdqv-zoxide-0.9.4",
              "default": true
            }
          ],
          "store_path": "/nix/store/5yfs53406cpwrv4qpmh0rgpb2h0wvdqv-zoxide-0.9.4"
        },
        "x86_64-darwin": {
          "outputs": [
            {
              "name": "out",
              "path": "/nix/store/zv8igr0qk8lk07k411kl9966n65wgkfl-zoxide-0.9.4",
              "default": true
            }
          ],
          "store_path": "/nix/store/zv8igr0qk8lk07k411kl9966n65wgkfl-zoxide-0.9.4"
        },
        "x86_64-linux": {
          "outputs": [
            {
              "name": "out",
              "path": "/nix/store/6ll8mi3yn9h4yj3kwgjr5ygka1aj0bxl-zoxide-0.9.4",
              "default": true
            }
          ],
          "store_path": "/nix/store/6ll8mi3yn9h4yj3kwgjr5ygka1aj0bxl-zoxide-0.9.4"
        }
      }
    },
    "zsh-autosuggestions@0.7.0": {
      "last_modified": "2024-07-07T07:43:47Z",
      "resolved": "github:NixOS/nixpkgs/b60793b86201040d9dee019a05089a9150d08b5b#zsh-autosuggestions",
      "source": "devbox-search",
      "version": "0.7.0",
      "systems": {
        "aarch64-darwin": {
          "outputs": [
            {
              "name": "out",
              "path": "/nix/store/3klwn6qp559cnkllyf2jlwav36sxqc7w-zsh-autosuggestions-0.7.0",
              "default": true
            }
          ],
          "store_path": "/nix/store/3klwn6qp559cnkllyf2jlwav36sxqc7w-zsh-autosuggestions-0.7.0"
        },
        "aarch64-linux": {
          "outputs": [
            {
              "name": "out",
              "path": "/nix/store/ck8pfz5k9al9i3f918kr6rsqmc2rgi28-zsh-autosuggestions-0.7.0",
              "default": true
            }
          ],
          "store_path": "/nix/store/ck8pfz5k9al9i3f918kr6rsqmc2rgi28-zsh-autosuggestions-0.7.0"
        },
        "x86_64-darwin": {
          "outputs": [
            {
              "name": "out",
              "path": "/nix/store/cnrj8sw2vjd6bn8m2yyzij96mlz308p4-zsh-autosuggestions-0.7.0",
              "default": true
            }
          ],
          "store_path": "/nix/store/cnrj8sw2vjd6bn8m2yyzij96mlz308p4-zsh-autosuggestions-0.7.0"
        },
        "x86_64-linux": {
          "outputs": [
            {
              "name": "out",
              "path": "/nix/store/p1zqypy7600fvfyl1v571bljx2l8zhay-zsh-autosuggestions-0.7.0",
              "default": true
            }
          ],
          "store_path": "/nix/store/p1zqypy7600fvfyl1v571bljx2l8zhay-zsh-autosuggestions-0.7.0"
        }
      }
    },
    "zsh-history-substring-search@1.1.0": {
      "last_modified": "2024-07-07T07:43:47Z",
      "resolved": "github:NixOS/nixpkgs/b60793b86201040d9dee019a05089a9150d08b5b#zsh-history-substring-search",
      "source": "devbox-search",
      "version": "1.1.0",
      "systems": {
        "aarch64-darwin": {
          "outputs": [
            {
              "name": "out",
              "path": "/nix/store/9g6h6v1iwbp0cqvvcy8695ir9p5xci7h-zsh-history-substring-search-1.1.0",
              "default": true
            }
          ],
          "store_path": "/nix/store/9g6h6v1iwbp0cqvvcy8695ir9p5xci7h-zsh-history-substring-search-1.1.0"
        },
        "aarch64-linux": {
          "outputs": [
            {
              "name": "out",
              "path": "/nix/store/aym971w1wvbk9r2qz8lrshhnnfa125dv-zsh-history-substring-search-1.1.0",
              "default": true
            }
          ],
          "store_path": "/nix/store/aym971w1wvbk9r2qz8lrshhnnfa125dv-zsh-history-substring-search-1.1.0"
        },
        "x86_64-darwin": {
          "outputs": [
            {
              "name": "out",
              "path": "/nix/store/qiw3y9qir4npw61znxr6lxfh7ya7ybbw-zsh-history-substring-search-1.1.0",
              "default": true
            }
          ],
          "store_path": "/nix/store/qiw3y9qir4npw61znxr6lxfh7ya7ybbw-zsh-history-substring-search-1.1.0"
        },
        "x86_64-linux": {
          "outputs": [
            {
              "name": "out",
              "path": "/nix/store/d6klghjhj8rd5hxck7bjb138r0sq7dhr-zsh-history-substring-search-1.1.0",
              "default": true
            }
          ],
          "store_path": "/nix/store/d6klghjhj8rd5hxck7bjb138r0sq7dhr-zsh-history-substring-search-1.1.0"
        }
      }
    },
    "zsh-syntax-highlighting@0.8.0": {
      "last_modified": "2024-07-07T07:43:47Z",
      "resolved": "github:NixOS/nixpkgs/b60793b86201040d9dee019a05089a9150d08b5b#zsh-syntax-highlighting",
      "source": "devbox-search",
      "version": "0.8.0",
      "systems": {
        "aarch64-darwin": {
          "outputs": [
            {
              "name": "out",
              "path": "/nix/store/7j24dawsdddlzmmwsg4w99vkh4mp6y86-zsh-syntax-highlighting-0.8.0",
              "default": true
            }
          ],
          "store_path": "/nix/store/7j24dawsdddlzmmwsg4w99vkh4mp6y86-zsh-syntax-highlighting-0.8.0"
        },
        "aarch64-linux": {
          "outputs": [
            {
              "name": "out",
              "path": "/nix/store/923r2cffkvmslbfqamhsbdpq88kv0gcj-zsh-syntax-highlighting-0.8.0",
              "default": true
            }
          ],
          "store_path": "/nix/store/923r2cffkvmslbfqamhsbdpq88kv0gcj-zsh-syntax-highlighting-0.8.0"
        },
        "x86_64-darwin": {
          "outputs": [
            {
              "name": "out",
              "path": "/nix/store/z304v2kc5cigm0cwgzp4bvz4qmlmlk2w-zsh-syntax-highlighting-0.8.0",
              "default": true
            }
          ],
          "store_path": "/nix/store/z304v2kc5cigm0cwgzp4bvz4qmlmlk2w-zsh-syntax-highlighting-0.8.0"
        },
        "x86_64-linux": {
          "outputs": [
            {
              "name": "out",
              "path": "/nix/store/dk9jcdv1g4rh6fxsi28vlnx6k0b5ri6n-zsh-syntax-highlighting-0.8.0",
              "default": true
            }
          ],
          "store_path": "/nix/store/dk9jcdv1g4rh6fxsi28vlnx6k0b5ri6n-zsh-syntax-highlighting-0.8.0"
        }
      }
    }
  }
}
